
Microsoft Visual Studio Solution File, Format Version 12.00
# Visual Studio 15
VisualStudioVersion = 15.0.27703.2042
MinimumVisualStudioVersion = 10.0.40219.1
Project("{FAE04EC0-301F-11D3-BF4B-00C04F79EFBC}") = "InternetShop", "InternetShop\InternetShop.csproj", "{86471F1F-FF1E-4463-8D22-CBA379E42140}"
EndProject
Global
	GlobalSection(SolutionConfigurationPlatforms) = preSolution
		Debug|Any CPU = Debug|Any CPU
		Release|Any CPU = Release|Any CPU
	EndGlobalSection
	GlobalSection(ProjectConfigurationPlatforms) = postSolution
		{86471F1F-FF1E-4463-8D22-CBA379E42140}.Debug|Any CPU.ActiveCfg = Debug|Any CPU
		{86471F1F-FF1E-4463-8D22-CBA379E42140}.Debug|Any CPU.Build.0 = Debug|Any CPU
		{86471F1F-FF1E-4463-8D22-CBA379E42140}.Release|Any CPU.ActiveCfg = Release|Any CPU
		{86471F1F-FF1E-4463-8D22-CBA379E42140}.Release|Any CPU.Build.0 = Release|Any CPU
	EndGlobalSection
	GlobalSection(SolutionProperties) = preSolution
		HideSolutionNode = FALSE
	EndGlobalSection
	GlobalSection(ExtensibilityGlobals) = postSolution
		SolutionGuid = {7ECAA59C-2175-4481-BD74-F0D00D8283AF}
	EndGlobalSection
EndGlobal
